
Microsoft Visual Studio Solution File, Format Version 12.00
Project("{FAE04EC0-301F-11D3-BF4B-00C04F79EFBC}") = "BackendAPI", "BackendAPI\BackendAPI.csproj", "{D608CDD8-C1EF-47CB-BCF4-C5DDD046B262}"
EndProject
Project("{FAE04EC0-301F-11D3-BF4B-00C04F79EFBC}") = "EndToEndTests", "EndToEndTests\EndToEndTests.csproj", "{ED40061F-F834-40E6-BF11-5C93F94FCD12}"
EndProject
Global
	GlobalSection(SolutionConfigurationPlatforms) = preSolution
		Debug|Any CPU = Debug|Any CPU
		Release|Any CPU = Release|Any CPU
	EndGlobalSection
	GlobalSection(ProjectConfigurationPlatforms) = postSolution
		{D608CDD8-C1EF-47CB-BCF4-C5DDD046B262}.Debug|Any CPU.ActiveCfg = Debug|Any CPU
		{D608CDD8-C1EF-47CB-BCF4-C5DDD046B262}.Debug|Any CPU.Build.0 = Debug|Any CPU
		{D608CDD8-C1EF-47CB-BCF4-C5DDD046B262}.Release|Any CPU.ActiveCfg = Release|Any CPU
		{D608CDD8-C1EF-47CB-BCF4-C5DDD046B262}.Release|Any CPU.Build.0 = Release|Any CPU
		{ED40061F-F834-40E6-BF11-5C93F94FCD12}.Debug|Any CPU.ActiveCfg = Debug|Any CPU
		{ED40061F-F834-40E6-BF11-5C93F94FCD12}.Debug|Any CPU.Build.0 = Debug|Any CPU
		{ED40061F-F834-40E6-BF11-5C93F94FCD12}.Release|Any CPU.ActiveCfg = Release|Any CPU
		{ED40061F-F834-40E6-BF11-5C93F94FCD12}.Release|Any CPU.Build.0 = Release|Any CPU
	EndGlobalSection
EndGlobal
